# THIS IS AN AUTOGENERATED FILE. DO NOT EDIT THIS FILE DIRECTLY.
# yarn lockfile v1


babel-plugin-transform-currency-operators@^1.0.1:
  version "1.0.1"
  resolved "https://registry.yarnpkg.com/babel-plugin-transform-currency-operators/-/babel-plugin-transform-currency-operators-1.0.1.tgz#35986a9dcea2c64459436f27f4ec16ed2e46980a"
  integrity sha512-OIzvjKD+8nhNYIgXcS78KKPyCSWYQGeQOQy1hTJY6DaIHWxBC5pxH0xzmgu3huf0nSGZhL7IgK3oIHt42A8JtA==

dinero.js@^1.6.0:
  version "1.6.0"
  resolved "https://registry.yarnpkg.com/dinero.js/-/dinero.js-1.6.0.tgz#d1e4fc4c1784cd8a853c2f1f1b1bb765736ec709"
  integrity sha512-cmmC6N2XzJvynnUgMJkvUmPeiRgjv0t7G81EhcwbOtcOnLhhzhHN4qvYBYcqx1zuF0GOcEPg75KxPnVar7zYdQ==

jquery@^3.4.1:
  version "3.4.1"
  resolved "https://registry.yarnpkg.com/jquery/-/jquery-3.4.1.tgz#714f1f8d9dde4bdfa55764ba37ef214630d80ef2"
  integrity sha512-36+AdBzCL+y6qjw5Tx7HgzeGCzC81MDDgaUP8ld2zhx58HdqXGoBd+tHdrBMiyjGQs0Hxs/MLZTu/eHNJJuWPw==

moment@^2.24.0:
  version "2.24.0"
  resolved "https://registry.yarnpkg.com/moment/-/moment-2.24.0.tgz#0d055d53f5052aa653c9f6eb68bb5d12bf5c2b5b"
  integrity sha512-bV7f+6l2QigeBBZSM/6yTNq4P2fNpSWj/0e7jQcy87A8e7o2nAfP/34/2ky5Vw4B9S446EtIhodAzkFCcR4dQg==
